
Microsoft Visual Studio Solution File, Format Version 12.00
# Visual Studio Version 17
VisualStudioVersion = 17.10.35122.118
MinimumVisualStudioVersion = 10.0.40219.1
Project("{9A19103F-16F7-4668-BE54-9A1E7A4F7556}") = "SocketService", "SocketService\SocketService.csproj", "{23116EA8-DE88-4627-A161-58D4611DFF0A}"
EndProject
Project("{FAE04EC0-301F-11D3-BF4B-00C04F79EFBC}") = "SocketService.Tests", "SocketService.Tests\SocketService.Tests.csproj", "{FFC67A80-6C9C-400C-AF91-C7694AEC10C9}"
EndProject
Global
	GlobalSection(SolutionConfigurationPlatforms) = preSolution
		Debug|Any CPU = Debug|Any CPU
		Release|Any CPU = Release|Any CPU
	EndGlobalSection
	GlobalSection(ProjectConfigurationPlatforms) = postSolution
		{23116EA8-DE88-4627-A161-58D4611DFF0A}.Debug|Any CPU.ActiveCfg = Debug|Any CPU
		{23116EA8-DE88-4627-A161-58D4611DFF0A}.Debug|Any CPU.Build.0 = Debug|Any CPU
		{23116EA8-DE88-4627-A161-58D4611DFF0A}.Release|Any CPU.ActiveCfg = Release|Any CPU
		{23116EA8-DE88-4627-A161-58D4611DFF0A}.Release|Any CPU.Build.0 = Release|Any CPU
		{FFC67A80-6C9C-400C-AF91-C7694AEC10C9}.Debug|Any CPU.ActiveCfg = Debug|Any CPU
		{FFC67A80-6C9C-400C-AF91-C7694AEC10C9}.Debug|Any CPU.Build.0 = Debug|Any CPU
		{FFC67A80-6C9C-400C-AF91-C7694AEC10C9}.Release|Any CPU.ActiveCfg = Release|Any CPU
		{FFC67A80-6C9C-400C-AF91-C7694AEC10C9}.Release|Any CPU.Build.0 = Release|Any CPU
	EndGlobalSection
	GlobalSection(SolutionProperties) = preSolution
		HideSolutionNode = FALSE
	EndGlobalSection
	GlobalSection(ExtensibilityGlobals) = postSolution
		SolutionGuid = {6D0AF7DD-6393-41A9-9DBE-CA40EF5AB7ED}
	EndGlobalSection
EndGlobal
